
Microsoft Visual Studio Solution File, Format Version 11.00
# Visual Studio 2010
Project("{8BC9CEB8-8B4A-11D0-8D11-00A0C91BC942}") = "mywin32test", "mywin32test\mywin32test.vcxproj", "{CE08186B-EAC3-42B2-8BEA-2F02B34A56FC}"
EndProject
Global
	GlobalSection(SolutionConfigurationPlatforms) = preSolution
		Debug|Win32 = Debug|Win32
		Release|Win32 = Release|Win32
	EndGlobalSection
	GlobalSection(ProjectConfigurationPlatforms) = postSolution
		{CE08186B-EAC3-42B2-8BEA-2F02B34A56FC}.Debug|Win32.ActiveCfg = Debug|Win32
		{CE08186B-EAC3-42B2-8BEA-2F02B34A56FC}.Debug|Win32.Build.0 = Debug|Win32
		{CE08186B-EAC3-42B2-8BEA-2F02B34A56FC}.Release|Win32.ActiveCfg = Release|Win32
		{CE08186B-EAC3-42B2-8BEA-2F02B34A56FC}.Release|Win32.Build.0 = Release|Win32
	EndGlobalSection
	GlobalSection(SolutionProperties) = preSolution
		HideSolutionNode = FALSE
	EndGlobalSection
EndGlobal
