
Microsoft Visual Studio Solution File, Format Version 12.00
# Visual Studio 2012
Project("{8BC9CEB8-8B4A-11D0-8D11-00A0C91BC942}") = "blend", "blend\blend.vcxproj", "{2F82DF9B-1C30-4BA2-B132-C4A987C2DF32}"
EndProject
Global
	GlobalSection(SolutionConfigurationPlatforms) = preSolution
		Debug|Win32 = Debug|Win32
		Release|Win32 = Release|Win32
	EndGlobalSection
	GlobalSection(ProjectConfigurationPlatforms) = postSolution
		{2F82DF9B-1C30-4BA2-B132-C4A987C2DF32}.Debug|Win32.ActiveCfg = Debug|Win32
		{2F82DF9B-1C30-4BA2-B132-C4A987C2DF32}.Debug|Win32.Build.0 = Debug|Win32
		{2F82DF9B-1C30-4BA2-B132-C4A987C2DF32}.Release|Win32.ActiveCfg = Release|Win32
		{2F82DF9B-1C30-4BA2-B132-C4A987C2DF32}.Release|Win32.Build.0 = Release|Win32
	EndGlobalSection
	GlobalSection(SolutionProperties) = preSolution
		HideSolutionNode = FALSE
	EndGlobalSection
EndGlobal
