
Microsoft Visual Studio Solution File, Format Version 12.00
# Visual Studio 2012
Project("{8BC9CEB8-8B4A-11D0-8D11-00A0C91BC942}") = "sockets_net", "sockets_net\sockets_net.vcxproj", "{91DA6271-D1AB-4749-A853-E35EB787499B}"
EndProject
Global
	GlobalSection(SolutionConfigurationPlatforms) = preSolution
		Debug|Win32 = Debug|Win32
		Release|Win32 = Release|Win32
	EndGlobalSection
	GlobalSection(ProjectConfigurationPlatforms) = postSolution
		{91DA6271-D1AB-4749-A853-E35EB787499B}.Debug|Win32.ActiveCfg = Debug|Win32
		{91DA6271-D1AB-4749-A853-E35EB787499B}.Debug|Win32.Build.0 = Debug|Win32
		{91DA6271-D1AB-4749-A853-E35EB787499B}.Release|Win32.ActiveCfg = Release|Win32
		{91DA6271-D1AB-4749-A853-E35EB787499B}.Release|Win32.Build.0 = Release|Win32
	EndGlobalSection
	GlobalSection(SolutionProperties) = preSolution
		HideSolutionNode = FALSE
	EndGlobalSection
EndGlobal
