
Microsoft Visual Studio Solution File, Format Version 12.00
# Visual Studio 2012
Project("{8BC9CEB8-8B4A-11D0-8D11-00A0C91BC942}") = "mask_operations", "mask_operations\mask_operations.vcxproj", "{B764D21B-A67D-4FC9-A4AF-E7A83C6C2678}"
EndProject
Global
	GlobalSection(SolutionConfigurationPlatforms) = preSolution
		Debug|Win32 = Debug|Win32
		Release|Win32 = Release|Win32
	EndGlobalSection
	GlobalSection(ProjectConfigurationPlatforms) = postSolution
		{B764D21B-A67D-4FC9-A4AF-E7A83C6C2678}.Debug|Win32.ActiveCfg = Debug|Win32
		{B764D21B-A67D-4FC9-A4AF-E7A83C6C2678}.Debug|Win32.Build.0 = Debug|Win32
		{B764D21B-A67D-4FC9-A4AF-E7A83C6C2678}.Release|Win32.ActiveCfg = Release|Win32
		{B764D21B-A67D-4FC9-A4AF-E7A83C6C2678}.Release|Win32.Build.0 = Release|Win32
	EndGlobalSection
	GlobalSection(SolutionProperties) = preSolution
		HideSolutionNode = FALSE
	EndGlobalSection
EndGlobal
